{"1.2.0",
[{<<"aten">>,{pkg,<<"aten">>,<<"0.5.4">>},0},
 {<<"gen_batch_server">>,{pkg,<<"gen_batch_server">>,<<"0.8.4">>},0}]}.
[
{pkg_hash,[
 {<<"aten">>, <<"5FCC554290EC7617668BA15FC61E22E0D529A2CF8ADC9DDB947E076F84C2DD48">>},
 {<<"gen_batch_server">>, <<"20535E9DBD4DC234E63B3DF79BA65D8A770396B2CAD6B4068A1E37E3AE010900">>}]},
{pkg_hash_ext,[
 {<<"aten">>, <<"D14A81FDAD6944ED0F0B8E9C46D4F5A925973CCF199D7F57463ED2E00B672A71">>},
 {<<"gen_batch_server">>, <<"FF6B0ED0F7BE945F38B94DDD4784D128F35FF029C34DAD6CA0C6CB17AB7BC9C4">>}]}
].
